
Microsoft Visual Studio Solution File, Format Version 12.00
# Visual Studio 15
VisualStudioVersion = 15.0.28307.852
MinimumVisualStudioVersion = 10.0.40219.1
Project("{FAE04EC0-301F-11D3-BF4B-00C04F79EFBC}") = "Factory", "Factory\Factory.csproj", "{0F2B94E3-4501-473D-8B22-ECE465F5EC70}"
EndProject
Global
	GlobalSection(SolutionConfigurationPlatforms) = preSolution
		Debug|Any CPU = Debug|Any CPU
		Release|Any CPU = Release|Any CPU
	EndGlobalSection
	GlobalSection(ProjectConfigurationPlatforms) = postSolution
		{0F2B94E3-4501-473D-8B22-ECE465F5EC70}.Debug|Any CPU.ActiveCfg = Debug|Any CPU
		{0F2B94E3-4501-473D-8B22-ECE465F5EC70}.Debug|Any CPU.Build.0 = Debug|Any CPU
		{0F2B94E3-4501-473D-8B22-ECE465F5EC70}.Release|Any CPU.ActiveCfg = Release|Any CPU
		{0F2B94E3-4501-473D-8B22-ECE465F5EC70}.Release|Any CPU.Build.0 = Release|Any CPU
	EndGlobalSection
	GlobalSection(SolutionProperties) = preSolution
		HideSolutionNode = FALSE
	EndGlobalSection
	GlobalSection(ExtensibilityGlobals) = postSolution
		SolutionGuid = {DEFB21DA-7B27-4A21-8852-3DB73F8F8131}
	EndGlobalSection
EndGlobal
